
Microsoft Visual Studio Solution File, Format Version 12.00
# Visual Studio Version 17
VisualStudioVersion = 17.1.32228.430
MinimumVisualStudioVersion = 10.0.40219.1
Project("{FAE04EC0-301F-11D3-BF4B-00C04F79EFBC}") = "Cartuchera", "Cartuchera\Cartuchera.csproj", "{E49174A1-C116-4BD1-94D4-5769FEFD446C}"
EndProject
Project("{FAE04EC0-301F-11D3-BF4B-00C04F79EFBC}") = "CartucheraMain", "CartucheraMain\CartucheraMain.csproj", "{9B1254AF-91DA-485B-BFFB-C0BBBE8CF33F}"
EndProject
Global
	GlobalSection(SolutionConfigurationPlatforms) = preSolution
		Debug|Any CPU = Debug|Any CPU
		Release|Any CPU = Release|Any CPU
	EndGlobalSection
	GlobalSection(ProjectConfigurationPlatforms) = postSolution
		{E49174A1-C116-4BD1-94D4-5769FEFD446C}.Debug|Any CPU.ActiveCfg = Debug|Any CPU
		{E49174A1-C116-4BD1-94D4-5769FEFD446C}.Debug|Any CPU.Build.0 = Debug|Any CPU
		{E49174A1-C116-4BD1-94D4-5769FEFD446C}.Release|Any CPU.ActiveCfg = Release|Any CPU
		{E49174A1-C116-4BD1-94D4-5769FEFD446C}.Release|Any CPU.Build.0 = Release|Any CPU
		{9B1254AF-91DA-485B-BFFB-C0BBBE8CF33F}.Debug|Any CPU.ActiveCfg = Debug|Any CPU
		{9B1254AF-91DA-485B-BFFB-C0BBBE8CF33F}.Debug|Any CPU.Build.0 = Debug|Any CPU
		{9B1254AF-91DA-485B-BFFB-C0BBBE8CF33F}.Release|Any CPU.ActiveCfg = Release|Any CPU
		{9B1254AF-91DA-485B-BFFB-C0BBBE8CF33F}.Release|Any CPU.Build.0 = Release|Any CPU
	EndGlobalSection
	GlobalSection(SolutionProperties) = preSolution
		HideSolutionNode = FALSE
	EndGlobalSection
	GlobalSection(ExtensibilityGlobals) = postSolution
		SolutionGuid = {B5600DD5-F3AA-4D8D-B393-7CBD8BB41475}
	EndGlobalSection
EndGlobal
