
Microsoft Visual Studio Solution File, Format Version 12.00
# Visual Studio Version 17
VisualStudioVersion = 17.1.32228.430
MinimumVisualStudioVersion = 10.0.40219.1
Project("{FAE04EC0-301F-11D3-BF4B-00C04F79EFBC}") = "Ejercicio I07 - Pitágoras estaría orgulloso", "Ejercicio I07 - Pitágoras estaría orgulloso\Ejercicio I07 - Pitágoras estaría orgulloso.csproj", "{3F0751B4-69BE-41DE-999E-DBE3D08D6F3D}"
EndProject
Global
	GlobalSection(SolutionConfigurationPlatforms) = preSolution
		Debug|Any CPU = Debug|Any CPU
		Release|Any CPU = Release|Any CPU
	EndGlobalSection
	GlobalSection(ProjectConfigurationPlatforms) = postSolution
		{3F0751B4-69BE-41DE-999E-DBE3D08D6F3D}.Debug|Any CPU.ActiveCfg = Debug|Any CPU
		{3F0751B4-69BE-41DE-999E-DBE3D08D6F3D}.Debug|Any CPU.Build.0 = Debug|Any CPU
		{3F0751B4-69BE-41DE-999E-DBE3D08D6F3D}.Release|Any CPU.ActiveCfg = Release|Any CPU
		{3F0751B4-69BE-41DE-999E-DBE3D08D6F3D}.Release|Any CPU.Build.0 = Release|Any CPU
	EndGlobalSection
	GlobalSection(SolutionProperties) = preSolution
		HideSolutionNode = FALSE
	EndGlobalSection
	GlobalSection(ExtensibilityGlobals) = postSolution
		SolutionGuid = {EA32FB85-AFB8-4A71-B397-1CAACC81DB25}
	EndGlobalSection
EndGlobal
