
Microsoft Visual Studio Solution File, Format Version 12.00
# Visual Studio Version 17
VisualStudioVersion = 17.1.32228.430
MinimumVisualStudioVersion = 10.0.40219.1
Project("{FAE04EC0-301F-11D3-BF4B-00C04F79EFBC}") = "Ejercicio I02 - ¿Vos cuántas primaveras tenés", "Ejercicio I02 - ¿Vos cuántas primaveras tenés\Ejercicio I02 - ¿Vos cuántas primaveras tenés.csproj", "{8BED2DE1-B83E-45B3-B4D0-573A099433EF}"
EndProject
Project("{FAE04EC0-301F-11D3-BF4B-00C04F79EFBC}") = "Clases", "Clases\Clases.csproj", "{37A13B55-1B2E-4B76-8363-EB42841D2B06}"
EndProject
Global
	GlobalSection(SolutionConfigurationPlatforms) = preSolution
		Debug|Any CPU = Debug|Any CPU
		Release|Any CPU = Release|Any CPU
	EndGlobalSection
	GlobalSection(ProjectConfigurationPlatforms) = postSolution
		{8BED2DE1-B83E-45B3-B4D0-573A099433EF}.Debug|Any CPU.ActiveCfg = Debug|Any CPU
		{8BED2DE1-B83E-45B3-B4D0-573A099433EF}.Debug|Any CPU.Build.0 = Debug|Any CPU
		{8BED2DE1-B83E-45B3-B4D0-573A099433EF}.Release|Any CPU.ActiveCfg = Release|Any CPU
		{8BED2DE1-B83E-45B3-B4D0-573A099433EF}.Release|Any CPU.Build.0 = Release|Any CPU
		{37A13B55-1B2E-4B76-8363-EB42841D2B06}.Debug|Any CPU.ActiveCfg = Debug|Any CPU
		{37A13B55-1B2E-4B76-8363-EB42841D2B06}.Debug|Any CPU.Build.0 = Debug|Any CPU
		{37A13B55-1B2E-4B76-8363-EB42841D2B06}.Release|Any CPU.ActiveCfg = Release|Any CPU
		{37A13B55-1B2E-4B76-8363-EB42841D2B06}.Release|Any CPU.Build.0 = Release|Any CPU
	EndGlobalSection
	GlobalSection(SolutionProperties) = preSolution
		HideSolutionNode = FALSE
	EndGlobalSection
	GlobalSection(ExtensibilityGlobals) = postSolution
		SolutionGuid = {D0478E7E-1D08-4AAA-984C-4DCB4066F414}
	EndGlobalSection
EndGlobal
